
Microsoft Visual Studio Solution File, Format Version 12.00
# Visual Studio Version 17
VisualStudioVersion = 17.10.35122.118
MinimumVisualStudioVersion = 10.0.40219.1
Project("{FAE04EC0-301F-11D3-BF4B-00C04F79EFBC}") = "designPatterns", "designPatterns.csproj", "{AD04B723-3A2B-4A2D-BCD7-AD464484745F}"
EndProject
Global
	GlobalSection(SolutionConfigurationPlatforms) = preSolution
		Debug|Any CPU = Debug|Any CPU
		Release|Any CPU = Release|Any CPU
	EndGlobalSection
	GlobalSection(ProjectConfigurationPlatforms) = postSolution
		{AD04B723-3A2B-4A2D-BCD7-AD464484745F}.Debug|Any CPU.ActiveCfg = Debug|Any CPU
		{AD04B723-3A2B-4A2D-BCD7-AD464484745F}.Debug|Any CPU.Build.0 = Debug|Any CPU
		{AD04B723-3A2B-4A2D-BCD7-AD464484745F}.Release|Any CPU.ActiveCfg = Release|Any CPU
		{AD04B723-3A2B-4A2D-BCD7-AD464484745F}.Release|Any CPU.Build.0 = Release|Any CPU
	EndGlobalSection
	GlobalSection(SolutionProperties) = preSolution
		HideSolutionNode = FALSE
	EndGlobalSection
	GlobalSection(ExtensibilityGlobals) = postSolution
		SolutionGuid = {5CCD51C2-9B95-4676-B459-9280CF22FC7D}
	EndGlobalSection
EndGlobal
